--- 
dependencies: 
  ruby-debug: 
    group: 
    - :test
    version: ">= 0"
  pg: 
    group: 
    - :production
    version: = 0.9.0
  rails: 
    group: 
    - :default
    version: = 2.3.5
  sqlite3-ruby: 
    group: 
    - :test
    version: ">= 0"
    require: 
    - sqlite3
  haml: 
    group: 
    - :default
    version: = 2.2.24
  mislav-will_paginate: 
    group: 
    - :default
    version: = 2.3.11
    require: 
    - will_paginate
  javan-whenever: 
    group: 
    - :default
    version: = 0.3.7
    require: []

  formtastic: 
    group: 
    - :default
    version: = 0.9.8
  mocha: 
    group: 
    - :test
    version: ">= 0"
  jeremyevans-exception_notification: 
    group: 
    - :default
    version: = 1.0.20090728
    require: 
    - exception_notification
  erubis: 
    group: 
    - :default
    version: = 2.6.5
  thoughtbot-shoulda: 
    group: 
    - :test
    version: ">= 0"
    require: 
    - shoulda
  cancan: 
    group: 
    - :default
    version: = 1.1.1
  lockfile: 
    group: 
    - :default
    version: = 1.4.3
  twitter: 
    group: 
    - :default
    version: = 0.6.6
specs: 
- rake: 
    version: 0.8.7
- abstract: 
    version: 1.0.0
- activesupport: 
    version: 2.3.5
- rack: 
    version: 1.0.1
- actionpack: 
    version: 2.3.5
- actionmailer: 
    version: 2.3.5
- activerecord: 
    version: 2.3.5
- activeresource: 
    version: 2.3.5
- cancan: 
    version: 1.1.1
- json_pure: 
    version: 1.4.3
- rubyforge: 
    version: 2.0.4
- hoe: 
    version: 2.6.0
- chronic: 
    version: 0.2.3
- columnize: 
    version: 0.3.1
- crack: 
    version: 0.1.7
- erubis: 
    version: 2.6.5
- formtastic: 
    version: 0.9.8
- haml: 
    version: 2.2.24
- httparty: 
    version: 0.4.2
- javan-whenever: 
    version: 0.3.7
- jeremyevans-exception_notification: 
    version: 1.0.20090728
- linecache: 
    version: "0.43"
- lockfile: 
    version: 1.4.3
- mash: 
    version: 0.0.3
- mislav-will_paginate: 
    version: 2.3.11
- mocha: 
    version: 0.9.8
- ruby-hmac: 
    version: 0.4.0
- oauth: 
    version: 0.3.2
- pg: 
    version: 0.9.0
- rails: 
    version: 2.3.5
- ruby-debug-base: 
    version: 0.10.3
- ruby-debug: 
    version: 0.10.3
- sqlite3-ruby: 
    version: 1.2.5
- thoughtbot-shoulda: 
    version: 2.10.2
- twitter: 
    version: 0.6.6
hash: 642e5ade01a0cf8862704508373051740f9602f2
sources: 
- Rubygems: 
    uri: http://gemcutter.org
- Rubygems: 
    uri: http://gems.github.com
